<?xml version="1.0" encoding="utf-8"?>
<Project ToolsVersion="4.0" xmlns="http://schemas.microsoft.com/developer/msbuild/2003">
  <ItemGroup>
    <ClCompile Include="src\GUIGL\Elements\Container.cpp" />
    <ClCompile Include="src\GUIGL\Elements\Element.cpp" />
    <ClCompile Include="src\GUIGL\Elements\ElementContainer.cpp" />
    <ClCompile Include="src\GUIGL\common.cpp" />
    <ClCompile Include="src\main.cpp" />
    <ClCompile Include="src\GUIGL\Elements\Window.cpp" />
  </ItemGroup>
  <ItemGroup>
    <ClInclude Include="src\GUIGL\Elements\Container.h" />
    <ClInclude Include="src\GUIGL\Elements\Element.h" />
    <ClInclude Include="src\GUIGL\Elements\ElementContainer.h" />
    <ClInclude Include="src\GUIGL\common.h" />
    <ClInclude Include="src\GUIGL\Elements\Window.h" />
  </ItemGroup>
</Project>